
Microsoft Visual Studio Solution File, Format Version 12.00
# Visual Studio Version 17
VisualStudioVersion = 17.8.34525.116
MinimumVisualStudioVersion = 10.0.40219.1
Project("{FAE04EC0-301F-11D3-BF4B-00C04F79EFBC}") = "TestingSystem", "TestingSystem\TestingSystem.csproj", "{5E311D4B-7A73-45A7-BA05-D3E5C313FD87}"
EndProject
Project("{FAE04EC0-301F-11D3-BF4B-00C04F79EFBC}") = "TestingSystem.DAL", "TestingSystem.DAL\TestingSystem.DAL.csproj", "{A13A8F08-7DEE-4A68-820F-5169B2ED2C5D}"
EndProject
Global
	GlobalSection(SolutionConfigurationPlatforms) = preSolution
		Debug|Any CPU = Debug|Any CPU
		Release|Any CPU = Release|Any CPU
	EndGlobalSection
	GlobalSection(ProjectConfigurationPlatforms) = postSolution
		{5E311D4B-7A73-45A7-BA05-D3E5C313FD87}.Debug|Any CPU.ActiveCfg = Debug|Any CPU
		{5E311D4B-7A73-45A7-BA05-D3E5C313FD87}.Debug|Any CPU.Build.0 = Debug|Any CPU
		{5E311D4B-7A73-45A7-BA05-D3E5C313FD87}.Release|Any CPU.ActiveCfg = Release|Any CPU
		{5E311D4B-7A73-45A7-BA05-D3E5C313FD87}.Release|Any CPU.Build.0 = Release|Any CPU
		{A13A8F08-7DEE-4A68-820F-5169B2ED2C5D}.Debug|Any CPU.ActiveCfg = Debug|Any CPU
		{A13A8F08-7DEE-4A68-820F-5169B2ED2C5D}.Debug|Any CPU.Build.0 = Debug|Any CPU
		{A13A8F08-7DEE-4A68-820F-5169B2ED2C5D}.Release|Any CPU.ActiveCfg = Release|Any CPU
		{A13A8F08-7DEE-4A68-820F-5169B2ED2C5D}.Release|Any CPU.Build.0 = Release|Any CPU
	EndGlobalSection
	GlobalSection(SolutionProperties) = preSolution
		HideSolutionNode = FALSE
	EndGlobalSection
	GlobalSection(ExtensibilityGlobals) = postSolution
		SolutionGuid = {78BEE5E3-3958-47F1-975A-E97EB6662F9C}
	EndGlobalSection
EndGlobal
